# This file is automatically @generated by Poetry 1.8.3 and should not be changed by hand.

[[package]]
name = "chardet"
version = "5.1.0"
description = "Universal encoding detector for Python 3"
optional = false
python-versions = ">=3.7"
files = [
    {file = "chardet-5.1.0-py3-none-any.whl", hash = "sha256:362777fb014af596ad31334fde1e8c327dfdb076e1960d1694662d46a6917ab9"},
    {file = "chardet-5.1.0.tar.gz", hash = "sha256:0d62712b956bc154f85fb0a266e2a3c5913c2967e00348701b32411d6def31e5"},
]

[[package]]
name = "dataproperty"
version = "0.55.1"
description = "Python library for extract property from data."
optional = false
python-versions = ">=3.6"
files = [
    {file = "DataProperty-0.55.1-py3-none-any.whl", hash = "sha256:54a5c1440b0b5ab2e902c29b451dd408dadefd93232ae21672e6f1305698f802"},
    {file = "DataProperty-0.55.1.tar.gz", hash = "sha256:08113748e164c17d60b9e66c256cbabec0c654b7aaf5e8441c4ec4ee51d5c921"},
]

[package.dependencies]
mbstrdecoder = ">=1.0.0,<2"
typepy = {version = ">=1.2.0,<2", extras = ["datetime"]}

[package.extras]
logging = ["loguru (>=0.4.1,<1)"]
test = ["pytest (>=6.0.1)", "pytest-md-report (>=0.3)", "tcolorpy (>=0.1.2)"]

[[package]]
name = "mbstrdecoder"
version = "1.1.2"
description = "multi-byte character string decoder"
optional = false
python-versions = ">=3.7"
files = [
    {file = "mbstrdecoder-1.1.2-py3-none-any.whl", hash = "sha256:27dd749eb46484a3d032aa1cea80743cd094922245764579e0153f70813845de"},
    {file = "mbstrdecoder-1.1.2.tar.gz", hash = "sha256:c3a258e5e00192281eb774c00637f68d2d460854cea0c5c820aa241732aa0b51"},
]

[package.dependencies]
chardet = ">=3.0.4,<6"

[package.extras]
test = ["Faker (>=1.0.2)", "pytest (>=6.0.1)", "pytest-md-report (>=0.1)"]

[[package]]
name = "packaging"
version = "23.1"
description = "Core utilities for Python packages"
optional = false
python-versions = ">=3.7"
files = [
    {file = "packaging-23.1-py3-none-any.whl", hash = "sha256:994793af429502c4ea2ebf6bf664629d07c1a9fe974af92966e4b8d2df7edc61"},
    {file = "packaging-23.1.tar.gz", hash = "sha256:a392980d2b6cffa644431898be54b0045151319d1e7ec34f0cfed48767dd334f"},
]

[[package]]
name = "pathvalidate"
version = "2.5.2"
description = "pathvalidate is a Python library to sanitize/validate a string such as filenames/file-paths/etc."
optional = false
python-versions = ">=3.6"
files = [
    {file = "pathvalidate-2.5.2-py3-none-any.whl", hash = "sha256:e39a4dfacdba70e3a96d3e4c6ff617a39e991cf242e6e1f2017f1f67c3408d33"},
    {file = "pathvalidate-2.5.2.tar.gz", hash = "sha256:5ff57d0fabe5ecb7a4f1e4957bfeb5ad8ab5ab4c0fa71f79c6bbc24bd9b7d14d"},
]

[package.extras]
test = ["allpairspy", "click", "faker", "pytest (>=6.0.1)", "pytest-discord (>=0.0.6)", "pytest-md-report (>=0.0.12)"]

[[package]]
name = "pytablewriter"
version = "0.64.2"
description = "pytablewriter is a Python library to write a table in various formats: AsciiDoc / CSV / Elasticsearch / HTML / JavaScript / JSON / LaTeX / LDJSON / LTSV / Markdown / MediaWiki / NumPy / Excel / Pandas / Python / reStructuredText / SQLite / TOML / TSV / YAML."
optional = false
python-versions = ">=3.6"
files = [
    {file = "pytablewriter-0.64.2-py3-none-any.whl", hash = "sha256:c46d1ddc40ef4d084213a86f8626cee33b3aa0119535aa8555da64cb5b65e382"},
    {file = "pytablewriter-0.64.2.tar.gz", hash = "sha256:99409d401d6ef5f06d1bc40f265a8e3053afe4cbfbaf709f71124076afb40dbb"},
]

[package.dependencies]
DataProperty = ">=0.55.0,<2"
mbstrdecoder = ">=1.0.0,<2"
pathvalidate = ">=2.3.0,<3"
setuptools = ">=38.3.0"
tabledata = ">=1.3.0,<2"
tcolorpy = ">=0.0.5,<1"
typepy = {version = ">=1.2.0,<2", extras = ["datetime"]}

[package.extras]
all = ["PyYAML (>=3.11,<7)", "SimpleSQLite (>=1.1.3,<2)", "XlsxWriter (>=0.9.6,<4)", "dominate (>=2.1.5,<3)", "elasticsearch (>=7.0.5,<8)", "loguru (>=0.4.1,<1)", "pytablereader (>=0.31.3,<2)", "pytablewriter-altrow-theme (>=0.0.2,<1)", "simplejson (>=3.8.1,<4)", "toml (>=0.9.3,<1)", "xlwt"]
docs = ["Sphinx (>=2.4)", "sphinx-rtd-theme"]
es = ["elasticsearch (>=7.0.5,<8)"]
es7 = ["elasticsearch (>=7.0.5,<8)"]
excel = ["XlsxWriter (>=0.9.6,<4)", "xlwt"]
from = ["pytablereader (>=0.31.3,<2)"]
html = ["dominate (>=2.1.5,<3)"]
logging = ["loguru (>=0.4.1,<1)"]
sqlite = ["SimpleSQLite (>=1.1.3,<2)"]
test = ["PyYAML (>=3.11,<7)", "SimpleSQLite (>=1.1.3,<2)", "XlsxWriter (>=0.9.6,<4)", "beautifulsoup4 (>=4.10)", "dominate (>=2.1.5,<3)", "elasticsearch (>=7.0.5,<8)", "idna (<3)", "loguru (>=0.4.1,<1)", "pytablereader (>=0.31.3,<2)", "pytablereader[excel,sqlite] (>=0.31.3)", "pytablewriter-altrow-theme (>=0.0.2,<1)", "pytest (>=6.0.1)", "pytest-md-report (>=0.1)", "simplejson (>=3.8.1,<4)", "sqliteschema (>=1.3.0)", "tablib (>=3.2.0)", "toml (>=0.9.3,<1)", "xlwt"]
theme = ["pytablewriter-altrow-theme (>=0.0.2,<1)"]
toml = ["toml (>=0.9.3,<1)"]
yaml = ["PyYAML (>=3.11,<7)"]

[[package]]
name = "python-dateutil"
version = "2.8.2"
description = "Extensions to the standard Python datetime module"
optional = false
python-versions = "!=3.0.*,!=3.1.*,!=3.2.*,>=2.7"
files = [
    {file = "python-dateutil-2.8.2.tar.gz", hash = "sha256:0123cacc1627ae19ddf3c27a5de5bd67ee4586fbdd6440d9748f8abb483d3e86"},
    {file = "python_dateutil-2.8.2-py2.py3-none-any.whl", hash = "sha256:961d03dc3453ebbc59dbdea9e4e11c5651520a876d0f4db161e8674aae935da9"},
]

[package.dependencies]
six = ">=1.5"

[[package]]
name = "pytz"
version = "2023.3"
description = "World timezone definitions, modern and historical"
optional = false
python-versions = "*"
files = [
    {file = "pytz-2023.3-py2.py3-none-any.whl", hash = "sha256:a151b3abb88eda1d4e34a9814df37de2a80e301e68ba0fd856fb9b46bfbbbffb"},
    {file = "pytz-2023.3.tar.gz", hash = "sha256:1d8ce29db189191fb55338ee6d0387d82ab59f3d00eac103412d64e0ebd0c588"},
]

[[package]]
name = "ruamel-yaml"
version = "0.17.30"
description = "ruamel.yaml is a YAML parser/emitter that supports roundtrip preservation of comments, seq/map flow style, and map key order"
optional = false
python-versions = ">=3"
files = [
    {file = "ruamel.yaml-0.17.30-py3-none-any.whl", hash = "sha256:b73821c1e0a9daa459e215db7c4d6d23d7159fb61c4c536653a2b4fb5b8d08a7"},
    {file = "ruamel.yaml-0.17.30.tar.gz", hash = "sha256:7e47a3d9ccfa2e41d353e6615661308bcbbc2ebad393bdc13b725bac15baf8a9"},
]

[package.dependencies]
"ruamel.yaml.clib" = {version = ">=0.2.7", markers = "platform_python_implementation == \"CPython\" and python_version < \"3.12\""}

[package.extras]
docs = ["ryd"]
jinja2 = ["ruamel.yaml.jinja2 (>=0.2)"]

[[package]]
name = "ruamel-yaml-clib"
version = "0.2.7"
description = "C version of reader, parser and emitter for ruamel.yaml derived from libyaml"
optional = false
python-versions = ">=3.5"
files = [
    {file = "ruamel.yaml.clib-0.2.7-cp310-cp310-macosx_10_9_universal2.whl", hash = "sha256:d5859983f26d8cd7bb5c287ef452e8aacc86501487634573d260968f753e1d71"},
    {file = "ruamel.yaml.clib-0.2.7-cp310-cp310-macosx_12_0_arm64.whl", hash = "sha256:debc87a9516b237d0466a711b18b6ebeb17ba9f391eb7f91c649c5c4ec5006c7"},
    {file = "ruamel.yaml.clib-0.2.7-cp310-cp310-manylinux2014_aarch64.whl", hash = "sha256:df5828871e6648db72d1c19b4bd24819b80a755c4541d3409f0f7acd0f335c80"},
    {file = "ruamel.yaml.clib-0.2.7-cp310-cp310-manylinux_2_17_x86_64.manylinux2014_x86_64.manylinux_2_24_x86_64.whl", hash = "sha256:efa08d63ef03d079dcae1dfe334f6c8847ba8b645d08df286358b1f5293d24ab"},
    {file = "ruamel.yaml.clib-0.2.7-cp310-cp310-win32.whl", hash = "sha256:763d65baa3b952479c4e972669f679fe490eee058d5aa85da483ebae2009d231"},
    {file = "ruamel.yaml.clib-0.2.7-cp310-cp310-win_amd64.whl", hash = "sha256:d000f258cf42fec2b1bbf2863c61d7b8918d31ffee905da62dede869254d3b8a"},
    {file = "ruamel.yaml.clib-0.2.7-cp311-cp311-macosx_10_9_universal2.whl", hash = "sha256:045e0626baf1c52e5527bd5db361bc83180faaba2ff586e763d3d5982a876a9e"},
    {file = "ruamel.yaml.clib-0.2.7-cp311-cp311-macosx_13_0_arm64.whl", hash = "sha256:1a6391a7cabb7641c32517539ca42cf84b87b667bad38b78d4d42dd23e957c81"},
    {file = "ruamel.yaml.clib-0.2.7-cp311-cp311-manylinux2014_aarch64.whl", hash = "sha256:9c7617df90c1365638916b98cdd9be833d31d337dbcd722485597b43c4a215bf"},
    {file = "ruamel.yaml.clib-0.2.7-cp311-cp311-manylinux_2_17_x86_64.manylinux2014_x86_64.manylinux_2_24_x86_64.whl", hash = "sha256:41d0f1fa4c6830176eef5b276af04c89320ea616655d01327d5ce65e50575c94"},
    {file = "ruamel.yaml.clib-0.2.7-cp311-cp311-win32.whl", hash = "sha256:f6d3d39611ac2e4f62c3128a9eed45f19a6608670c5a2f4f07f24e8de3441d38"},
    {file = "ruamel.yaml.clib-0.2.7-cp311-cp311-win_amd64.whl", hash = "sha256:da538167284de58a52109a9b89b8f6a53ff8437dd6dc26d33b57bf6699153122"},
    {file = "ruamel.yaml.clib-0.2.7-cp36-cp36m-macosx_10_9_x86_64.whl", hash = "sha256:4b3a93bb9bc662fc1f99c5c3ea8e623d8b23ad22f861eb6fce9377ac07ad6072"},
    {file = "ruamel.yaml.clib-0.2.7-cp36-cp36m-macosx_12_0_arm64.whl", hash = "sha256:a234a20ae07e8469da311e182e70ef6b199d0fbeb6c6cc2901204dd87fb867e8"},
    {file = "ruamel.yaml.clib-0.2.7-cp36-cp36m-manylinux2014_aarch64.whl", hash = "sha256:15910ef4f3e537eea7fe45f8a5d19997479940d9196f357152a09031c5be59f3"},
    {file = "ruamel.yaml.clib-0.2.7-cp36-cp36m-manylinux_2_17_x86_64.manylinux2014_x86_64.manylinux_2_24_x86_64.whl", hash = "sha256:370445fd795706fd291ab00c9df38a0caed0f17a6fb46b0f607668ecb16ce763"},
    {file = "ruamel.yaml.clib-0.2.7-cp36-cp36m-win32.whl", hash = "sha256:ecdf1a604009bd35c674b9225a8fa609e0282d9b896c03dd441a91e5f53b534e"},
    {file = "ruamel.yaml.clib-0.2.7-cp36-cp36m-win_amd64.whl", hash = "sha256:f34019dced51047d6f70cb9383b2ae2853b7fc4dce65129a5acd49f4f9256646"},
    {file = "ruamel.yaml.clib-0.2.7-cp37-cp37m-macosx_10_9_x86_64.whl", hash = "sha256:2aa261c29a5545adfef9296b7e33941f46aa5bbd21164228e833412af4c9c75f"},
    {file = "ruamel.yaml.clib-0.2.7-cp37-cp37m-macosx_12_0_arm64.whl", hash = "sha256:f01da5790e95815eb5a8a138508c01c758e5f5bc0ce4286c4f7028b8dd7ac3d0"},
    {file = "ruamel.yaml.clib-0.2.7-cp37-cp37m-manylinux2014_aarch64.whl", hash = "sha256:40d030e2329ce5286d6b231b8726959ebbe0404c92f0a578c0e2482182e38282"},
    {file = "ruamel.yaml.clib-0.2.7-cp37-cp37m-manylinux_2_17_x86_64.manylinux2014_x86_64.manylinux_2_24_x86_64.whl", hash = "sha256:c3ca1fbba4ae962521e5eb66d72998b51f0f4d0f608d3c0347a48e1af262efa7"},
    {file = "ruamel.yaml.clib-0.2.7-cp37-cp37m-win32.whl", hash = "sha256:7bdb4c06b063f6fd55e472e201317a3bb6cdeeee5d5a38512ea5c01e1acbdd93"},
    {file = "ruamel.yaml.clib-0.2.7-cp37-cp37m-win_amd64.whl", hash = "sha256:be2a7ad8fd8f7442b24323d24ba0b56c51219513cfa45b9ada3b87b76c374d4b"},
    {file = "ruamel.yaml.clib-0.2.7-cp38-cp38-macosx_10_9_x86_64.whl", hash = "sha256:91a789b4aa0097b78c93e3dc4b40040ba55bef518f84a40d4442f713b4094acb"},
    {file = "ruamel.yaml.clib-0.2.7-cp38-cp38-macosx_12_0_arm64.whl", hash = "sha256:99e77daab5d13a48a4054803d052ff40780278240a902b880dd37a51ba01a307"},
    {file = "ruamel.yaml.clib-0.2.7-cp38-cp38-manylinux2014_aarch64.whl", hash = "sha256:3243f48ecd450eddadc2d11b5feb08aca941b5cd98c9b1db14b2fd128be8c697"},
    {file = "ruamel.yaml.clib-0.2.7-cp38-cp38-manylinux_2_17_x86_64.manylinux2014_x86_64.manylinux_2_24_x86_64.whl", hash = "sha256:8831a2cedcd0f0927f788c5bdf6567d9dc9cc235646a434986a852af1cb54b4b"},
    {file = "ruamel.yaml.clib-0.2.7-cp38-cp38-win32.whl", hash = "sha256:3110a99e0f94a4a3470ff67fc20d3f96c25b13d24c6980ff841e82bafe827cac"},
    {file = "ruamel.yaml.clib-0.2.7-cp38-cp38-win_amd64.whl", hash = "sha256:92460ce908546ab69770b2e576e4f99fbb4ce6ab4b245345a3869a0a0410488f"},
    {file = "ruamel.yaml.clib-0.2.7-cp39-cp39-macosx_10_9_x86_64.whl", hash = "sha256:5bc0667c1eb8f83a3752b71b9c4ba55ef7c7058ae57022dd9b29065186a113d9"},
    {file = "ruamel.yaml.clib-0.2.7-cp39-cp39-macosx_12_0_arm64.whl", hash = "sha256:4a4d8d417868d68b979076a9be6a38c676eca060785abaa6709c7b31593c35d1"},
    {file = "ruamel.yaml.clib-0.2.7-cp39-cp39-manylinux2014_aarch64.whl", hash = "sha256:bf9a6bc4a0221538b1a7de3ed7bca4c93c02346853f44e1cd764be0023cd3640"},
    {file = "ruamel.yaml.clib-0.2.7-cp39-cp39-manylinux_2_17_x86_64.manylinux2014_x86_64.manylinux_2_24_x86_64.whl", hash = "sha256:a7b301ff08055d73223058b5c46c55638917f04d21577c95e00e0c4d79201a6b"},
    {file = "ruamel.yaml.clib-0.2.7-cp39-cp39-win32.whl", hash = "sha256:d5e51e2901ec2366b79f16c2299a03e74ba4531ddcfacc1416639c557aef0ad8"},
    {file = "ruamel.yaml.clib-0.2.7-cp39-cp39-win_amd64.whl", hash = "sha256:184faeaec61dbaa3cace407cffc5819f7b977e75360e8d5ca19461cd851a5fc5"},
    {file = "ruamel.yaml.clib-0.2.7.tar.gz", hash = "sha256:1f08fd5a2bea9c4180db71678e850b995d2a5f4537be0e94557668cf0f5f9497"},
]

[[package]]
name = "setuptools"
version = "70.0.0"
description = "Easily download, build, install, upgrade, and uninstall Python packages"
optional = false
python-versions = ">=3.8"
files = [
    {file = "setuptools-70.0.0-py3-none-any.whl", hash = "sha256:54faa7f2e8d2d11bcd2c07bed282eef1046b5c080d1c32add737d7b5817b1ad4"},
    {file = "setuptools-70.0.0.tar.gz", hash = "sha256:f211a66637b8fa059bb28183da127d4e86396c991a942b028c6650d4319c3fd0"},
]

[package.extras]
docs = ["furo", "jaraco.packaging (>=9.3)", "jaraco.tidelift (>=1.4)", "pygments-github-lexers (==0.0.5)", "pyproject-hooks (!=1.1)", "rst.linker (>=1.9)", "sphinx (>=3.5)", "sphinx-favicon", "sphinx-inline-tabs", "sphinx-lint", "sphinx-notfound-page (>=1,<2)", "sphinx-reredirects", "sphinxcontrib-towncrier"]
testing = ["build[virtualenv] (>=1.0.3)", "filelock (>=3.4.0)", "importlib-metadata", "ini2toml[lite] (>=0.14)", "jaraco.develop (>=7.21)", "jaraco.envs (>=2.2)", "jaraco.path (>=3.2.0)", "mypy (==1.9)", "packaging (>=23.2)", "pip (>=19.1)", "pyproject-hooks (!=1.1)", "pytest (>=6,!=8.1.1)", "pytest-checkdocs (>=2.4)", "pytest-cov", "pytest-enabler (>=2.2)", "pytest-home (>=0.5)", "pytest-mypy", "pytest-perf", "pytest-ruff (>=0.2.1)", "pytest-subprocess", "pytest-timeout", "pytest-xdist (>=3)", "tomli", "tomli-w (>=1.0.0)", "virtualenv (>=13.0.0)", "wheel"]

[[package]]
name = "six"
version = "1.16.0"
description = "Python 2 and 3 compatibility utilities"
optional = false
python-versions = ">=2.7, !=3.0.*, !=3.1.*, !=3.2.*"
files = [
    {file = "six-1.16.0-py2.py3-none-any.whl", hash = "sha256:8abb2f1d86890a2dfb989f9a77cfcfd3e47c2a354b01111771326f8aa26e0254"},
    {file = "six-1.16.0.tar.gz", hash = "sha256:1e61c37477a1626458e36f7b1d82aa5c9b094fa4802892072e49de9c60c4c926"},
]

[[package]]
name = "tabledata"
version = "1.3.1"
description = "tabledata is a Python library to represent tabular data. Used for pytablewriter/pytablereader/SimpleSQLite/etc."
optional = false
python-versions = ">=3.6"
files = [
    {file = "tabledata-1.3.1-py3-none-any.whl", hash = "sha256:73e610c378670a2b9bb80e56cece24427d18c8672a36c80fcdf2a3753b19642b"},
    {file = "tabledata-1.3.1.tar.gz", hash = "sha256:6608f86171f3285f16251ed6649dcf6e953d4fe6a8e622d39b80d1954b9e7711"},
]

[package.dependencies]
DataProperty = ">=0.54.2,<2"
typepy = ">=1.2.0,<2"

[package.extras]
logging = ["loguru (>=0.4.1,<1)"]
test = ["pytablewriter (>=0.46)", "pytest"]

[[package]]
name = "tcolorpy"
version = "0.1.3"
description = "tcolopy is a Python library to apply true color for terminal text."
optional = false
python-versions = ">=3.7"
files = [
    {file = "tcolorpy-0.1.3-py3-none-any.whl", hash = "sha256:4ba9e4d52696a36dc16a55c20317115fb46e4b8e02796e8e270132719bcefad4"},
    {file = "tcolorpy-0.1.3.tar.gz", hash = "sha256:43c1afe908f9968ff5ce59f129b62e392049b8e7cd6a8d3f416bd3d372bb5c7a"},
]

[package.extras]
test = ["pytest", "pytest-md-report (>=0.1)"]

[[package]]
name = "typepy"
version = "1.3.0"
description = "typepy is a Python library for variable type checker/validator/converter at a run time."
optional = false
python-versions = ">=3.6"
files = [
    {file = "typepy-1.3.0-py3-none-any.whl", hash = "sha256:cf1913982969cf6348152c4a5feec08e324addd99670999e57cdb3ad87a61e9a"},
    {file = "typepy-1.3.0.tar.gz", hash = "sha256:96788530614083164993d1443959f6c58e6bb8e2da839812ddf462c203e4b84c"},
]

[package.dependencies]
mbstrdecoder = ">=1.0.0,<2"
packaging = {version = "*", optional = true, markers = "extra == \"datetime\""}
python-dateutil = {version = ">=2.8.0,<3.0.0", optional = true, markers = "extra == \"datetime\""}
pytz = {version = ">=2018.9", optional = true, markers = "extra == \"datetime\""}

[package.extras]
datetime = ["packaging", "python-dateutil (>=2.8.0,<3.0.0)", "pytz (>=2018.9)"]
test = ["packaging", "pytest (>=6.0.1)", "python-dateutil (>=2.8.0,<3.0.0)", "pytz (>=2018.9)", "tcolorpy"]

[metadata]
lock-version = "2.0"
python-versions = "^3.9"
content-hash = "37c1889f781f75fbe2e1dc0c83b736eea3860e151bf18854b9d84fbea73f4673"
